// !$*UTF8*$!
{
	archiveVersion = 1;
	classes = {
	};
objectVersion = 71;
	objects = {

/* Begin PBXBuildFile section */
		94B09D0D8E0492A4C89F0028 /* Pods_PodsShared_notifications.framework in Frameworks */ = {isa = PBXBuildFile; fileRef = 16A09CB0037BBB661B063934 /* Pods_PodsShared_notifications.framework */; };
		C4251E072EE194B000CD6F2C /* GoogleService-Info.plist in Resources */ = {isa = PBXBuildFile; fileRef = C4251E062EE194B000CD6F2C /* GoogleService-Info.plist */; };
		C4251E092EE194B100CD6F2C /* AppTrackingTransparency.framework in Frameworks */ = {isa = PBXBuildFile; fileRef = C4251E082EE194B100CD6F2C /* AppTrackingTransparency.framework */; };
		C4251F9E2EEC2FFD00CD6F2C /* notifications.appex in Embed Foundation Extensions */ = {isa = PBXBuildFile; fileRef = C4251F972EEC2FFD00CD6F2C /* notifications.appex */; settings = {ATTRIBUTES = (RemoveHeadersOnCopy, ); }; };
		D63F14BA646E16D27859748A /* Pods_PodsShared_LittleConstructionPlan.framework in Frameworks */ = {isa = PBXBuildFile; fileRef = B378AEFE258DE4086ACA025D /* Pods_PodsShared_LittleConstructionPlan.framework */; };
/* End PBXBuildFile section */

/* Begin PBXContainerItemProxy section */
		C4251F9C2EEC2FFD00CD6F2C /* PBXContainerItemProxy */ = {
			isa = PBXContainerItemProxy;
			containerPortal = C4251DCC2EE193B600CD6F2C /* Project object */;
			proxyType = 1;
			remoteGlobalIDString = C4251F962EEC2FFD00CD6F2C;
			remoteInfo = notifications;
		};
/* End PBXContainerItemProxy section */

/* Begin PBXCopyFilesBuildPhase section */
		C4251F9F2EEC2FFD00CD6F2C /* Embed Foundation Extensions */ = {
			isa = PBXCopyFilesBuildPhase;
			buildActionMask = 2147483647;
			dstPath = "";
			dstSubfolderSpec = 13;
			files = (
				C4251F9E2EEC2FFD00CD6F2C /* notifications.appex in Embed Foundation Extensions */,
			);
			name = "Embed Foundation Extensions";
			runOnlyForDeploymentPostprocessing = 0;
		};
/* End PBXCopyFilesBuildPhase section */

/* Begin PBXFileReference section */
		12F5BD32B27F85E2BE7142C1 /* Pods-PodsShared-notifications.debug.xcconfig */ = {isa = PBXFileReference; includeInIndex = 1; lastKnownFileType = text.xcconfig; name = "Pods-PodsShared-notifications.debug.xcconfig"; path = "Target Support Files/Pods-PodsShared-notifications/Pods-PodsShared-notifications.debug.xcconfig"; sourceTree = "<group>"; };
		16A09CB0037BBB661B063934 /* Pods_PodsShared_notifications.framework */ = {isa = PBXFileReference; explicitFileType = wrapper.framework; includeInIndex = 0; path = Pods_PodsShared_notifications.framework; sourceTree = BUILT_PRODUCTS_DIR; };
		16B66ED72E948DBF7BD878EE /* Pods-PodsShared-LittleConstructionPlan.debug.xcconfig */ = {isa = PBXFileReference; includeInIndex = 1; lastKnownFileType = text.xcconfig; name = "Pods-PodsShared-LittleConstructionPlan.debug.xcconfig"; path = "Target Support Files/Pods-PodsShared-LittleConstructionPlan/Pods-PodsShared-LittleConstructionPlan.debug.xcconfig"; sourceTree = "<group>"; };
		16D8CC467A6207B1ABB0522F /* Pods-PodsShared-LittleConstructionPlan.staging.xcconfig */ = {isa = PBXFileReference; includeInIndex = 1; lastKnownFileType = text.xcconfig; name = "Pods-PodsShared-LittleConstructionPlan.staging.xcconfig"; path = "Target Support Files/Pods-PodsShared-LittleConstructionPlan/Pods-PodsShared-LittleConstructionPlan.staging.xcconfig"; sourceTree = "<group>"; };
		1B602CD949621F8A2ED3AABE /* Pods-PodsShared-notifications.staging.xcconfig */ = {isa = PBXFileReference; includeInIndex = 1; lastKnownFileType = text.xcconfig; name = "Pods-PodsShared-notifications.staging.xcconfig"; path = "Target Support Files/Pods-PodsShared-notifications/Pods-PodsShared-notifications.staging.xcconfig"; sourceTree = "<group>"; };
		25BCA218E90B30647E3C13C3 /* Pods-PodsShared-LittleConstructionPlan.release.xcconfig */ = {isa = PBXFileReference; includeInIndex = 1; lastKnownFileType = text.xcconfig; name = "Pods-PodsShared-LittleConstructionPlan.release.xcconfig"; path = "Target Support Files/Pods-PodsShared-LittleConstructionPlan/Pods-PodsShared-LittleConstructionPlan.release.xcconfig"; sourceTree = "<group>"; };
		B378AEFE258DE4086ACA025D /* Pods_PodsShared_LittleConstructionPlan.framework */ = {isa = PBXFileReference; explicitFileType = wrapper.framework; includeInIndex = 0; path = Pods_PodsShared_LittleConstructionPlan.framework; sourceTree = BUILT_PRODUCTS_DIR; };
		C4251DD42EE193B600CD6F2C /* LittleConstructionPlan.app */ = {isa = PBXFileReference; explicitFileType = wrapper.application; includeInIndex = 0; path = LittleConstructionPlan.app; sourceTree = BUILT_PRODUCTS_DIR; };
		C4251E062EE194B000CD6F2C /* GoogleService-Info.plist */ = {isa = PBXFileReference; lastKnownFileType = text.plist.xml; path = "GoogleService-Info.plist"; sourceTree = "<group>"; };
		C4251E082EE194B100CD6F2C /* AppTrackingTransparency.framework */ = {isa = PBXFileReference; lastKnownFileType = wrapper.framework; name = AppTrackingTransparency.framework; path = System/Library/Frameworks/AppTrackingTransparency.framework; sourceTree = SDKROOT; };
		C4251F972EEC2FFD00CD6F2C /* notifications.appex */ = {isa = PBXFileReference; explicitFileType = "wrapper.app-extension"; includeInIndex = 0; path = notifications.appex; sourceTree = BUILT_PRODUCTS_DIR; };
		C42A3CE42F758FC300422E43 /* LittleConstructionPlan-Info.plist */ = {isa = PBXFileReference; lastKnownFileType = text.plist; path = "LittleConstructionPlan-Info.plist"; sourceTree = "<group>"; };
		C42A3CE52F758FDA00422E43 /* LittleConstructionPlan.entitlements */ = {isa = PBXFileReference; lastKnownFileType = text.plist.entitlements; path = LittleConstructionPlan.entitlements; sourceTree = "<group>"; };
		E8A7116B48743061F3AD1D43 /* Pods-PodsShared-notifications.release.xcconfig */ = {isa = PBXFileReference; includeInIndex = 1; lastKnownFileType = text.xcconfig; name = "Pods-PodsShared-notifications.release.xcconfig"; path = "Target Support Files/Pods-PodsShared-notifications/Pods-PodsShared-notifications.release.xcconfig"; sourceTree = "<group>"; };
/* End PBXFileReference section */

/* Begin PBXFileSystemSynchronizedBuildFileExceptionSet section */
		C4251FA22EEC2FFD00CD6F2C /* PBXFileSystemSynchronizedBuildFileExceptionSet */ = {
			isa = PBXFileSystemSynchronizedBuildFileExceptionSet;
			membershipExceptions = (
				Info.plist,
			);
			target = C4251F962EEC2FFD00CD6F2C /* notifications */;
		};
/* End PBXFileSystemSynchronizedBuildFileExceptionSet section */

/* Begin PBXFileSystemSynchronizedRootGroup section */
		C4251E102EE1A00000CD6F2C /* Core */ = {isa = PBXFileSystemSynchronizedRootGroup; explicitFileTypes = {}; explicitFolders = (); path = Core; sourceTree = "<group>"; };
		C4251E112EE1A00000CD6F2C /* Features */ = {isa = PBXFileSystemSynchronizedRootGroup; explicitFileTypes = {}; explicitFolders = (); path = Features; sourceTree = "<group>"; };
		C4251E122EE1A00000CD6F2C /* Infrastructure */ = {isa = PBXFileSystemSynchronizedRootGroup; explicitFileTypes = {}; explicitFolders = (); path = Infrastructure; sourceTree = "<group>"; };
		C4251E132EE1A00000CD6F2C /* App */ = {isa = PBXFileSystemSynchronizedRootGroup; explicitFileTypes = {}; explicitFolders = (); path = App; sourceTree = "<group>"; };
		C4251E142EE1A00000CD6F2C /* Resources */ = {isa = PBXFileSystemSynchronizedRootGroup; explicitFileTypes = {}; explicitFolders = (); path = Resources; sourceTree = "<group>"; };
		C4251F982EEC2FFD00CD6F2C /* notifications */ = {isa = PBXFileSystemSynchronizedRootGroup; exceptions = (C4251FA22EEC2FFD00CD6F2C /* PBXFileSystemSynchronizedBuildFileExceptionSet */, ); explicitFileTypes = {}; explicitFolders = (); path = notifications; sourceTree = "<group>"; };
/* End PBXFileSystemSynchronizedRootGroup section */

/* Begin PBXFrameworksBuildPhase section */
		C4251DD12EE193B600CD6F2C /* Frameworks */ = {
			isa = PBXFrameworksBuildPhase;
			buildActionMask = 2147483647;
			files = (
				C4251E092EE194B100CD6F2C /* AppTrackingTransparency.framework in Frameworks */,
				D63F14BA646E16D27859748A /* Pods_PodsShared_LittleConstructionPlan.framework in Frameworks */,
			);
			runOnlyForDeploymentPostprocessing = 0;
		};
		C4251F942EEC2FFD00CD6F2C /* Frameworks */ = {
			isa = PBXFrameworksBuildPhase;
			buildActionMask = 2147483647;
			files = (
				94B09D0D8E0492A4C89F0028 /* Pods_PodsShared_notifications.framework in Frameworks */,
			);
			runOnlyForDeploymentPostprocessing = 0;
		};
/* End PBXFrameworksBuildPhase section */

/* Begin PBXGroup section */
		A0FB72AA0DC250DD887FA578 /* Frameworks */ = {
			isa = PBXGroup;
			children = (
				B378AEFE258DE4086ACA025D /* Pods_PodsShared_LittleConstructionPlan.framework */,
				16A09CB0037BBB661B063934 /* Pods_PodsShared_notifications.framework */,
			);
			name = Frameworks;
			sourceTree = "<group>";
		};
		C4251DCB2EE193B600CD6F2C = {
			isa = PBXGroup;
			children = (
				C42A3CE52F758FDA00422E43 /* LittleConstructionPlan.entitlements */,
				C42A3CE42F758FC300422E43 /* LittleConstructionPlan-Info.plist */,
				C4251E102EE1A00000CD6F2C /* Core */,
				C4251E112EE1A00000CD6F2C /* Features */,
				C4251E122EE1A00000CD6F2C /* Infrastructure */,
				C4251E132EE1A00000CD6F2C /* App */,
				C4251E142EE1A00000CD6F2C /* Resources */,
				C4251F982EEC2FFD00CD6F2C /* notifications */,
				C4251DD52EE193B600CD6F2C /* Products */,
				C4251E062EE194B000CD6F2C /* GoogleService-Info.plist */,
				C42A3C552F758F7F00422E43 /* Recovered References */,
				D322E6B28DA1B2F744FA80B5 /* Pods */,
				A0FB72AA0DC250DD887FA578 /* Frameworks */,
			);
			sourceTree = "<group>";
		};
		C4251DD52EE193B600CD6F2C /* Products */ = {
			isa = PBXGroup;
			children = (
				C4251DD42EE193B600CD6F2C /* LittleConstructionPlan.app */,
				C4251F972EEC2FFD00CD6F2C /* notifications.appex */,
			);
			name = Products;
			sourceTree = "<group>";
		};
		C42A3C552F758F7F00422E43 /* Recovered References */ = {
			isa = PBXGroup;
			children = (
				C4251E082EE194B100CD6F2C /* AppTrackingTransparency.framework */,
			);
			name = "Recovered References";
			sourceTree = "<group>";
		};
		D322E6B28DA1B2F744FA80B5 /* Pods */ = {
			isa = PBXGroup;
			children = (
				16B66ED72E948DBF7BD878EE /* Pods-PodsShared-LittleConstructionPlan.debug.xcconfig */,
				25BCA218E90B30647E3C13C3 /* Pods-PodsShared-LittleConstructionPlan.release.xcconfig */,
				16D8CC467A6207B1ABB0522F /* Pods-PodsShared-LittleConstructionPlan.staging.xcconfig */,
				12F5BD32B27F85E2BE7142C1 /* Pods-PodsShared-notifications.debug.xcconfig */,
				E8A7116B48743061F3AD1D43 /* Pods-PodsShared-notifications.release.xcconfig */,
				1B602CD949621F8A2ED3AABE /* Pods-PodsShared-notifications.staging.xcconfig */,
			);
			path = Pods;
			sourceTree = "<group>";
		};
/* End PBXGroup section */

/* Begin PBXNativeTarget section */
		C4251DD32EE193B600CD6F2C /* LittleConstructionPlan */ = {
			isa = PBXNativeTarget;
			buildConfigurationList = C4251DF82EE193BC00CD6F2C /* Build configuration list for PBXNativeTarget "LittleConstructionPlan" */;
			buildPhases = (
				C32DCD6838CC3CAB9E7AD905 /* [CP] Check Pods Manifest.lock */,
				C4251DD02EE193B600CD6F2C /* Sources */,
				C4251DD12EE193B600CD6F2C /* Frameworks */,
				C4251DD22EE193B600CD6F2C /* Resources */,
				C4251F9F2EEC2FFD00CD6F2C /* Embed Foundation Extensions */,
				505E5288AE236B729963817B /* [CP] Embed Pods Frameworks */,
				25721E0331C6C92CA472C9B3 /* [CP] Copy Pods Resources */,
			);
			buildRules = (
			);
			dependencies = (
				C4251F9D2EEC2FFD00CD6F2C /* PBXTargetDependency */,
			);
			fileSystemSynchronizedGroups = (
				C4251E102EE1A00000CD6F2C /* Core */,
				C4251E112EE1A00000CD6F2C /* Features */,
				C4251E122EE1A00000CD6F2C /* Infrastructure */,
				C4251E132EE1A00000CD6F2C /* App */,
				C4251E142EE1A00000CD6F2C /* Resources */,
			);
			name = LittleConstructionPlan;
			productName = LittleConstructionPlan;
			productReference = C4251DD42EE193B600CD6F2C /* LittleConstructionPlan.app */;
			productType = "com.apple.product-type.application";
		};
		C4251F962EEC2FFD00CD6F2C /* notifications */ = {
			isa = PBXNativeTarget;
			buildConfigurationList = C4251FA32EEC2FFD00CD6F2C /* Build configuration list for PBXNativeTarget "notifications" */;
			buildPhases = (
				50C1E5CEE48B8ABE4F6D2EDC /* [CP] Check Pods Manifest.lock */,
				C4251F932EEC2FFD00CD6F2C /* Sources */,
				C4251F942EEC2FFD00CD6F2C /* Frameworks */,
				C4251F952EEC2FFD00CD6F2C /* Resources */,
				C7E0D34C9682B7D1AAB87806 /* [CP] Copy Pods Resources */,
			);
			buildRules = (
			);
			dependencies = (
			);
			fileSystemSynchronizedGroups = (
				C4251F982EEC2FFD00CD6F2C /* notifications */,
			);
			name = notifications;
			productName = notifications;
			productReference = C4251F972EEC2FFD00CD6F2C /* notifications.appex */;
			productType = "com.apple.product-type.app-extension";
		};
/* End PBXNativeTarget section */

/* Begin PBXProject section */
		C4251DCC2EE193B600CD6F2C /* Project object */ = {
			isa = PBXProject;
			attributes = {
				BuildIndependentTargetsInParallel = 1;
				LastSwiftUpdateCheck = 1610;
				LastUpgradeCheck = 1610;
				TargetAttributes = {
					C4251DD32EE193B600CD6F2C = {
						CreatedOnToolsVersion = 16.1;
					};
					C4251F962EEC2FFD00CD6F2C = {
						CreatedOnToolsVersion = 16.1;
					};
				};
			};
			buildConfigurationList = C4251DCF2EE193B600CD6F2C /* Build configuration list for PBXProject "LittleConstructionPlan" */;
			compatibilityVersion = "Xcode 16.0";
			developmentRegion = en;
			hasScannedForEncodings = 0;
			knownRegions = (
				en,
				Base,
			);
			mainGroup = C4251DCB2EE193B600CD6F2C;
			minimizedProjectReferenceProxies = 1;
			productRefGroup = C4251DD52EE193B600CD6F2C /* Products */;
			projectDirPath = "";
			projectRoot = "";
			targets = (
				C4251DD32EE193B600CD6F2C /* LittleConstructionPlan */,
				C4251F962EEC2FFD00CD6F2C /* notifications */,
			);
		};
/* End PBXProject section */

/* Begin PBXResourcesBuildPhase section */
		C4251DD22EE193B600CD6F2C /* Resources */ = {
			isa = PBXResourcesBuildPhase;
			buildActionMask = 2147483647;
			files = (
				C4251E072EE194B000CD6F2C /* GoogleService-Info.plist in Resources */,
			);
			runOnlyForDeploymentPostprocessing = 0;
		};
		C4251F952EEC2FFD00CD6F2C /* Resources */ = {
			isa = PBXResourcesBuildPhase;
			buildActionMask = 2147483647;
			files = (
			);
			runOnlyForDeploymentPostprocessing = 0;
		};
/* End PBXResourcesBuildPhase section */

/* Begin PBXShellScriptBuildPhase section */
		25721E0331C6C92CA472C9B3 /* [CP] Copy Pods Resources */ = {
			isa = PBXShellScriptBuildPhase;
			buildActionMask = 2147483647;
			files = (
			);
			inputFileListPaths = (
			);
			name = "[CP] Copy Pods Resources";
			outputFileListPaths = (
			);
			runOnlyForDeploymentPostprocessing = 0;
			shellPath = /bin/sh;
			shellScript = "\"${PODS_ROOT}/Target Support Files/Pods-PodsShared-LittleConstructionPlan/Pods-PodsShared-LittleConstructionPlan-resources.sh\"\n";
			showEnvVarsInLog = 0;
		};
		505E5288AE236B729963817B /* [CP] Embed Pods Frameworks */ = {
			isa = PBXShellScriptBuildPhase;
			buildActionMask = 2147483647;
			files = (
			);
			inputFileListPaths = (
			);
			name = "[CP] Embed Pods Frameworks";
			outputFileListPaths = (
			);
			runOnlyForDeploymentPostprocessing = 0;
			shellPath = /bin/sh;
			shellScript = "\"${PODS_ROOT}/Target Support Files/Pods-PodsShared-LittleConstructionPlan/Pods-PodsShared-LittleConstructionPlan-frameworks.sh\"\n";
			showEnvVarsInLog = 0;
		};
		50C1E5CEE48B8ABE4F6D2EDC /* [CP] Check Pods Manifest.lock */ = {
			isa = PBXShellScriptBuildPhase;
			buildActionMask = 2147483647;
			files = (
			);
			inputFileListPaths = (
			);
			inputPaths = (
				"${PODS_PODFILE_DIR_PATH}/Podfile.lock",
				"${PODS_ROOT}/Manifest.lock",
			);
			name = "[CP] Check Pods Manifest.lock";
			outputFileListPaths = (
			);
			outputPaths = (
				"$(DERIVED_FILE_DIR)/Pods-PodsShared-notifications-checkManifestLockResult.txt",
			);
			runOnlyForDeploymentPostprocessing = 0;
			shellPath = /bin/sh;
			shellScript = "diff \"${PODS_PODFILE_DIR_PATH}/Podfile.lock\" \"${PODS_ROOT}/Manifest.lock\" > /dev/null\nif [ $? != 0 ] ; then\n    # print error to STDERR\n    echo \"error: The sandbox is not in sync with the Podfile.lock. Run 'pod install' or update your CocoaPods installation.\" >&2\n    exit 1\nfi\n# This output is used by Xcode 'outputs' to avoid re-running this script phase.\necho \"SUCCESS\" > \"${SCRIPT_OUTPUT_FILE_0}\"\n";
			showEnvVarsInLog = 0;
		};
		C32DCD6838CC3CAB9E7AD905 /* [CP] Check Pods Manifest.lock */ = {
			isa = PBXShellScriptBuildPhase;
			buildActionMask = 2147483647;
			files = (
			);
			inputFileListPaths = (
			);
			inputPaths = (
				"${PODS_PODFILE_DIR_PATH}/Podfile.lock",
				"${PODS_ROOT}/Manifest.lock",
			);
			name = "[CP] Check Pods Manifest.lock";
			outputFileListPaths = (
			);
			outputPaths = (
				"$(DERIVED_FILE_DIR)/Pods-PodsShared-LittleConstructionPlan-checkManifestLockResult.txt",
			);
			runOnlyForDeploymentPostprocessing = 0;
			shellPath = /bin/sh;
			shellScript = "diff \"${PODS_PODFILE_DIR_PATH}/Podfile.lock\" \"${PODS_ROOT}/Manifest.lock\" > /dev/null\nif [ $? != 0 ] ; then\n    # print error to STDERR\n    echo \"error: The sandbox is not in sync with the Podfile.lock. Run 'pod install' or update your CocoaPods installation.\" >&2\n    exit 1\nfi\n# This output is used by Xcode 'outputs' to avoid re-running this script phase.\necho \"SUCCESS\" > \"${SCRIPT_OUTPUT_FILE_0}\"\n";
			showEnvVarsInLog = 0;
		};
		C7E0D34C9682B7D1AAB87806 /* [CP] Copy Pods Resources */ = {
			isa = PBXShellScriptBuildPhase;
			buildActionMask = 2147483647;
			files = (
			);
			inputFileListPaths = (
			);
			name = "[CP] Copy Pods Resources";
			outputFileListPaths = (
			);
			runOnlyForDeploymentPostprocessing = 0;
			shellPath = /bin/sh;
			shellScript = "\"${PODS_ROOT}/Target Support Files/Pods-PodsShared-notifications/Pods-PodsShared-notifications-resources.sh\"\n";
			showEnvVarsInLog = 0;
		};
/* End PBXShellScriptBuildPhase section */

/* Begin PBXSourcesBuildPhase section */
		C4251DD02EE193B600CD6F2C /* Sources */ = {
			isa = PBXSourcesBuildPhase;
			buildActionMask = 2147483647;
			files = (
			);
			runOnlyForDeploymentPostprocessing = 0;
		};
		C4251F932EEC2FFD00CD6F2C /* Sources */ = {
			isa = PBXSourcesBuildPhase;
			buildActionMask = 2147483647;
			files = (
			);
			runOnlyForDeploymentPostprocessing = 0;
		};
/* End PBXSourcesBuildPhase section */

/* Begin PBXTargetDependency section */
		C4251F9D2EEC2FFD00CD6F2C /* PBXTargetDependency */ = {
			isa = PBXTargetDependency;
			target = C4251F962EEC2FFD00CD6F2C /* notifications */;
			targetProxy = C4251F9C2EEC2FFD00CD6F2C /* PBXContainerItemProxy */;
		};
/* End PBXTargetDependency section */

/* Begin XCBuildConfiguration section */
		C4251DF62EE193BC00CD6F2C /* Debug */ = {
			isa = XCBuildConfiguration;
			buildSettings = {
				ALWAYS_SEARCH_USER_PATHS = NO;
				ASSETCATALOG_COMPILER_GENERATE_SWIFT_ASSET_SYMBOL_EXTENSIONS = YES;
				CLANG_ANALYZER_NONNULL = YES;
				CLANG_ANALYZER_NUMBER_OBJECT_CONVERSION = YES_AGGRESSIVE;
				CLANG_CXX_LANGUAGE_STANDARD = "gnu++20";
				CLANG_ENABLE_MODULES = YES;
				CLANG_ENABLE_OBJC_ARC = YES;
				CLANG_ENABLE_OBJC_WEAK = YES;
				CLANG_WARN_BLOCK_CAPTURE_AUTORELEASING = YES;
				CLANG_WARN_BOOL_CONVERSION = YES;
				CLANG_WARN_COMMA = YES;
				CLANG_WARN_CONSTANT_CONVERSION = YES;
				CLANG_WARN_DEPRECATED_OBJC_IMPLEMENTATIONS = YES;
				CLANG_WARN_DIRECT_OBJC_ISA_USAGE = YES_ERROR;
				CLANG_WARN_DOCUMENTATION_COMMENTS = YES;
				CLANG_WARN_EMPTY_BODY = YES;
				CLANG_WARN_ENUM_CONVERSION = YES;
				CLANG_WARN_INFINITE_RECURSION = YES;
				CLANG_WARN_INT_CONVERSION = YES;
				CLANG_WARN_NON_LITERAL_NULL_CONVERSION = YES;
				CLANG_WARN_OBJC_IMPLICIT_RETAIN_SELF = YES;
				CLANG_WARN_OBJC_LITERAL_CONVERSION = YES;
				CLANG_WARN_OBJC_ROOT_CLASS = YES_ERROR;
				CLANG_WARN_QUOTED_INCLUDE_IN_FRAMEWORK_HEADER = YES;
				CLANG_WARN_RANGE_LOOP_ANALYSIS = YES;
				CLANG_WARN_STRICT_PROTOTYPES = YES;
				CLANG_WARN_SUSPICIOUS_MOVE = YES;
				CLANG_WARN_UNGUARDED_AVAILABILITY = YES_AGGRESSIVE;
				CLANG_WARN_UNREACHABLE_CODE = YES;
				CLANG_WARN__DUPLICATE_METHOD_MATCH = YES;
				COPY_PHASE_STRIP = NO;
				DEBUG_INFORMATION_FORMAT = dwarf;
				ENABLE_STRICT_OBJC_MSGSEND = YES;
				ENABLE_TESTABILITY = YES;
				ENABLE_USER_SCRIPT_SANDBOXING = NO;
				GCC_C_LANGUAGE_STANDARD = gnu17;
				GCC_DYNAMIC_NO_PIC = NO;
				GCC_NO_COMMON_BLOCKS = YES;
				GCC_OPTIMIZATION_LEVEL = 0;
				GCC_PREPROCESSOR_DEFINITIONS = (
					"DEBUG=1",
					"$(inherited)",
				);
				GCC_WARN_64_TO_32_BIT_CONVERSION = YES;
				GCC_WARN_ABOUT_RETURN_TYPE = YES_ERROR;
				GCC_WARN_UNDECLARED_SELECTOR = YES;
				GCC_WARN_UNINITIALIZED_AUTOS = YES_AGGRESSIVE;
				GCC_WARN_UNUSED_FUNCTION = YES;
				GCC_WARN_UNUSED_VARIABLE = YES;
				IPHONEOS_DEPLOYMENT_TARGET = 16.0;
				LOCALIZATION_PREFERS_STRING_CATALOGS = YES;
				MTL_ENABLE_DEBUG_INFO = INCLUDE_SOURCE;
				MTL_FAST_MATH = YES;
				ONLY_ACTIVE_ARCH = YES;
				SDKROOT = iphoneos;
				SWIFT_ACTIVE_COMPILATION_CONDITIONS = "DEBUG $(inherited)";
				SWIFT_OPTIMIZATION_LEVEL = "-Onone";
			};
			name = Debug;
		};
		C4251DF72EE193BC00CD6F2C /* Release */ = {
			isa = XCBuildConfiguration;
			buildSettings = {
				ALWAYS_SEARCH_USER_PATHS = NO;
				ASSETCATALOG_COMPILER_GENERATE_SWIFT_ASSET_SYMBOL_EXTENSIONS = YES;
				CLANG_ANALYZER_NONNULL = YES;
				CLANG_ANALYZER_NUMBER_OBJECT_CONVERSION = YES_AGGRESSIVE;
				CLANG_CXX_LANGUAGE_STANDARD = "gnu++20";
				CLANG_ENABLE_MODULES = YES;
				CLANG_ENABLE_OBJC_ARC = YES;
				CLANG_ENABLE_OBJC_WEAK = YES;
				CLANG_WARN_BLOCK_CAPTURE_AUTORELEASING = YES;
				CLANG_WARN_BOOL_CONVERSION = YES;
				CLANG_WARN_COMMA = YES;
				CLANG_WARN_CONSTANT_CONVERSION = YES;
				CLANG_WARN_DEPRECATED_OBJC_IMPLEMENTATIONS = YES;
				CLANG_WARN_DIRECT_OBJC_ISA_USAGE = YES_ERROR;
				CLANG_WARN_DOCUMENTATION_COMMENTS = YES;
				CLANG_WARN_EMPTY_BODY = YES;
				CLANG_WARN_ENUM_CONVERSION = YES;
				CLANG_WARN_INFINITE_RECURSION = YES;
				CLANG_WARN_INT_CONVERSION = YES;
				CLANG_WARN_NON_LITERAL_NULL_CONVERSION = YES;
				CLANG_WARN_OBJC_IMPLICIT_RETAIN_SELF = YES;
				CLANG_WARN_OBJC_LITERAL_CONVERSION = YES;
				CLANG_WARN_OBJC_ROOT_CLASS = YES_ERROR;
				CLANG_WARN_QUOTED_INCLUDE_IN_FRAMEWORK_HEADER = YES;
				CLANG_WARN_RANGE_LOOP_ANALYSIS = YES;
				CLANG_WARN_STRICT_PROTOTYPES = YES;
				CLANG_WARN_SUSPICIOUS_MOVE = YES;
				CLANG_WARN_UNGUARDED_AVAILABILITY = YES_AGGRESSIVE;
				CLANG_WARN_UNREACHABLE_CODE = YES;
				CLANG_WARN__DUPLICATE_METHOD_MATCH = YES;
				COPY_PHASE_STRIP = NO;
				DEBUG_INFORMATION_FORMAT = "dwarf-with-dsym";
				ENABLE_NS_ASSERTIONS = NO;
				ENABLE_STRICT_OBJC_MSGSEND = YES;
				ENABLE_USER_SCRIPT_SANDBOXING = NO;
				GCC_C_LANGUAGE_STANDARD = gnu17;
				GCC_NO_COMMON_BLOCKS = YES;
				GCC_WARN_64_TO_32_BIT_CONVERSION = YES;
				GCC_WARN_ABOUT_RETURN_TYPE = YES_ERROR;
				GCC_WARN_UNDECLARED_SELECTOR = YES;
				GCC_WARN_UNINITIALIZED_AUTOS = YES_AGGRESSIVE;
				GCC_WARN_UNUSED_FUNCTION = YES;
				GCC_WARN_UNUSED_VARIABLE = YES;
				IPHONEOS_DEPLOYMENT_TARGET = 16.0;
				LOCALIZATION_PREFERS_STRING_CATALOGS = YES;
				MTL_ENABLE_DEBUG_INFO = NO;
				MTL_FAST_MATH = YES;
				SDKROOT = iphoneos;
				SWIFT_COMPILATION_MODE = wholemodule;
				VALIDATE_PRODUCT = YES;
			};
			name = Release;
		};
		C4251DF92EE193BC00CD6F2C /* Debug */ = {
			isa = XCBuildConfiguration;
			baseConfigurationReference = 16B66ED72E948DBF7BD878EE /* Pods-PodsShared-LittleConstructionPlan.debug.xcconfig */;
			buildSettings = {
				ASSETCATALOG_COMPILER_APPICON_NAME = AppIcon;
				ASSETCATALOG_COMPILER_GLOBAL_ACCENT_COLOR_NAME = AccentColor;
				CODE_SIGN_ENTITLEMENTS = LittleConstructionPlan.entitlements;
				CODE_SIGN_IDENTITY = "Apple Development";
				CODE_SIGN_STYLE = Automatic;
				CURRENT_PROJECT_VERSION = 23;
				DEVELOPMENT_ASSET_PATHS = "\"Resources/Preview Content\"";
				DEVELOPMENT_TEAM = 9C2WB6M3U5;
				ENABLE_PREVIEWS = YES;
				GENERATE_INFOPLIST_FILE = YES;
				INFOPLIST_FILE = "LittleConstructionPlan-Info.plist";
				INFOPLIST_KEY_CFBundleDisplayName = "Little ConstructionPlanp";
				INFOPLIST_KEY_LSApplicationCategoryType = "public.app-category.lifestyle";
				INFOPLIST_KEY_NSUserTrackingUsageDescription = "\"This allows us to measure and improve your experience and app performance.\"";
				INFOPLIST_KEY_UIApplicationSceneManifest_Generation = YES;
				INFOPLIST_KEY_UIApplicationSupportsIndirectInputEvents = YES;
				INFOPLIST_KEY_UILaunchScreen_Generation = YES;
				INFOPLIST_KEY_UISupportedInterfaceOrientations_iPhone = "UIInterfaceOrientationPortrait UIInterfaceOrientationLandscapeLeft UIInterfaceOrientationLandscapeRight";
				LD_RUNPATH_SEARCH_PATHS = (
					"$(inherited)",
					"@executable_path/Frameworks",
				);
				MARKETING_VERSION = 5.0;
				PRODUCT_BUNDLE_IDENTIFIER = com.DavidRoberts.LittleStreakUp;
				PRODUCT_NAME = "$(TARGET_NAME)";
				PROVISIONING_PROFILE_SPECIFIER = "";
				SWIFT_EMIT_LOC_STRINGS = YES;
				SWIFT_VERSION = 5.0;
				TARGETED_DEVICE_FAMILY = 1;
			};
			name = Debug;
		};
		C4251DFA2EE193BC00CD6F2C /* Release */ = {
			isa = XCBuildConfiguration;
			baseConfigurationReference = 25BCA218E90B30647E3C13C3 /* Pods-PodsShared-LittleConstructionPlan.release.xcconfig */;
			buildSettings = {
				ASSETCATALOG_COMPILER_APPICON_NAME = AppIcon;
				ASSETCATALOG_COMPILER_GLOBAL_ACCENT_COLOR_NAME = AccentColor;
				CODE_SIGN_ENTITLEMENTS = LittleConstructionPlan.entitlements;
				CODE_SIGN_IDENTITY = "Apple Development";
				CODE_SIGN_STYLE = Automatic;
				CURRENT_PROJECT_VERSION = 23;
				DEVELOPMENT_ASSET_PATHS = "\"Resources/Preview Content\"";
				DEVELOPMENT_TEAM = 9C2WB6M3U5;
				ENABLE_PREVIEWS = YES;
				GENERATE_INFOPLIST_FILE = YES;
				INFOPLIST_FILE = "LittleConstructionPlan-Info.plist";
				INFOPLIST_KEY_CFBundleDisplayName = "Little ConstructionPlanp";
				INFOPLIST_KEY_LSApplicationCategoryType = "public.app-category.lifestyle";
				INFOPLIST_KEY_NSUserTrackingUsageDescription = "\"This allows us to measure and improve your experience and app performance.\"";
				INFOPLIST_KEY_UIApplicationSceneManifest_Generation = YES;
				INFOPLIST_KEY_UIApplicationSupportsIndirectInputEvents = YES;
				INFOPLIST_KEY_UILaunchScreen_Generation = YES;
				INFOPLIST_KEY_UISupportedInterfaceOrientations_iPhone = "UIInterfaceOrientationPortrait UIInterfaceOrientationLandscapeLeft UIInterfaceOrientationLandscapeRight";
				LD_RUNPATH_SEARCH_PATHS = (
					"$(inherited)",
					"@executable_path/Frameworks",
				);
				MARKETING_VERSION = 5.0;
				PRODUCT_BUNDLE_IDENTIFIER = com.DavidRoberts.LittleStreakUp;
				PRODUCT_NAME = "$(TARGET_NAME)";
				PROVISIONING_PROFILE_SPECIFIER = "";
				SWIFT_EMIT_LOC_STRINGS = YES;
				SWIFT_VERSION = 5.0;
				TARGETED_DEVICE_FAMILY = 1;
			};
			name = Release;
		};
		C4251DFB2EE193BC00CD6F2C /* Staging */ = {
			isa = XCBuildConfiguration;
			buildSettings = {
				ALWAYS_SEARCH_USER_PATHS = NO;
				ASSETCATALOG_COMPILER_GENERATE_SWIFT_ASSET_SYMBOL_EXTENSIONS = YES;
				CLANG_ANALYZER_NONNULL = YES;
				CLANG_ANALYZER_NUMBER_OBJECT_CONVERSION = YES_AGGRESSIVE;
				CLANG_CXX_LANGUAGE_STANDARD = "gnu++20";
				CLANG_ENABLE_MODULES = YES;
				CLANG_ENABLE_OBJC_ARC = YES;
				CLANG_ENABLE_OBJC_WEAK = YES;
				CLANG_WARN_BLOCK_CAPTURE_AUTORELEASING = YES;
				CLANG_WARN_BOOL_CONVERSION = YES;
				CLANG_WARN_COMMA = YES;
				CLANG_WARN_CONSTANT_CONVERSION = YES;
				CLANG_WARN_DEPRECATED_OBJC_IMPLEMENTATIONS = YES;
				CLANG_WARN_DIRECT_OBJC_ISA_USAGE = YES_ERROR;
				CLANG_WARN_DOCUMENTATION_COMMENTS = YES;
				CLANG_WARN_EMPTY_BODY = YES;
				CLANG_WARN_ENUM_CONVERSION = YES;
				CLANG_WARN_INFINITE_RECURSION = YES;
				CLANG_WARN_INT_CONVERSION = YES;
				CLANG_WARN_NON_LITERAL_NULL_CONVERSION = YES;
				CLANG_WARN_OBJC_IMPLICIT_RETAIN_SELF = YES;
				CLANG_WARN_OBJC_LITERAL_CONVERSION = YES;
				CLANG_WARN_OBJC_ROOT_CLASS = YES_ERROR;
				CLANG_WARN_QUOTED_INCLUDE_IN_FRAMEWORK_HEADER = YES;
				CLANG_WARN_RANGE_LOOP_ANALYSIS = YES;
				CLANG_WARN_STRICT_PROTOTYPES = YES;
				CLANG_WARN_SUSPICIOUS_MOVE = YES;
				CLANG_WARN_UNGUARDED_AVAILABILITY = YES_AGGRESSIVE;
				CLANG_WARN_UNREACHABLE_CODE = YES;
				CLANG_WARN__DUPLICATE_METHOD_MATCH = YES;
				COPY_PHASE_STRIP = NO;
				DEBUG_INFORMATION_FORMAT = "dwarf-with-dsym";
				ENABLE_NS_ASSERTIONS = NO;
				ENABLE_STRICT_OBJC_MSGSEND = YES;
				ENABLE_USER_SCRIPT_SANDBOXING = NO;
				GCC_C_LANGUAGE_STANDARD = gnu17;
				GCC_NO_COMMON_BLOCKS = YES;
				GCC_PREPROCESSOR_DEFINITIONS = (
					"STAGING=1",
					"$(inherited)",
				);
				GCC_WARN_64_TO_32_BIT_CONVERSION = YES;
				GCC_WARN_ABOUT_RETURN_TYPE = YES_ERROR;
				GCC_WARN_UNDECLARED_SELECTOR = YES;
				GCC_WARN_UNINITIALIZED_AUTOS = YES_AGGRESSIVE;
				GCC_WARN_UNUSED_FUNCTION = YES;
				GCC_WARN_UNUSED_VARIABLE = YES;
				IPHONEOS_DEPLOYMENT_TARGET = 16.0;
				LOCALIZATION_PREFERS_STRING_CATALOGS = YES;
				MTL_ENABLE_DEBUG_INFO = NO;
				MTL_FAST_MATH = YES;
				SDKROOT = iphoneos;
				SWIFT_ACTIVE_COMPILATION_CONDITIONS = "STAGING $(inherited)";
				SWIFT_COMPILATION_MODE = wholemodule;
				VALIDATE_PRODUCT = YES;
			};
			name = Staging;
		};
		C4251DFC2EE193BC00CD6F2C /* Staging */ = {
			isa = XCBuildConfiguration;
			baseConfigurationReference = 16D8CC467A6207B1ABB0522F /* Pods-PodsShared-LittleConstructionPlan.staging.xcconfig */;
			buildSettings = {
				ASSETCATALOG_COMPILER_APPICON_NAME = AppIcon;
				ASSETCATALOG_COMPILER_GLOBAL_ACCENT_COLOR_NAME = AccentColor;
				CODE_SIGN_ENTITLEMENTS = LittleConstructionPlan.entitlements;
				CODE_SIGN_IDENTITY = "Apple Development";
				CODE_SIGN_STYLE = Automatic;
				CURRENT_PROJECT_VERSION = 23;
				DEVELOPMENT_ASSET_PATHS = "\"Resources/Preview Content\"";
				DEVELOPMENT_TEAM = 9C2WB6M3U5;
				ENABLE_PREVIEWS = YES;
				GENERATE_INFOPLIST_FILE = YES;
				INFOPLIST_FILE = "LittleConstructionPlan-Info.plist";
				INFOPLIST_KEY_CFBundleDisplayName = "Little ConstructionPlanp";
				INFOPLIST_KEY_LSApplicationCategoryType = "public.app-category.lifestyle";
				INFOPLIST_KEY_NSUserTrackingUsageDescription = "\"This allows us to measure and improve your experience and app performance.\"";
				INFOPLIST_KEY_UIApplicationSceneManifest_Generation = YES;
				INFOPLIST_KEY_UIApplicationSupportsIndirectInputEvents = YES;
				INFOPLIST_KEY_UILaunchScreen_Generation = YES;
				INFOPLIST_KEY_UISupportedInterfaceOrientations_iPhone = "UIInterfaceOrientationPortrait UIInterfaceOrientationLandscapeLeft UIInterfaceOrientationLandscapeRight";
				LD_RUNPATH_SEARCH_PATHS = (
					"$(inherited)",
					"@executable_path/Frameworks",
				);
				MARKETING_VERSION = 5.0;
				PRODUCT_BUNDLE_IDENTIFIER = com.DavidRoberts.LittleStreakUp;
				PRODUCT_NAME = "$(TARGET_NAME)";
				PROVISIONING_PROFILE_SPECIFIER = "";
				SWIFT_EMIT_LOC_STRINGS = YES;
				SWIFT_VERSION = 5.0;
				TARGETED_DEVICE_FAMILY = 1;
			};
			name = Staging;
		};
		C4251FA02EEC2FFD00CD6F2C /* Debug */ = {
			isa = XCBuildConfiguration;
			baseConfigurationReference = 12F5BD32B27F85E2BE7142C1 /* Pods-PodsShared-notifications.debug.xcconfig */;
			buildSettings = {
				CODE_SIGN_ENTITLEMENTS = notifications/notifications.entitlements;
				CODE_SIGN_IDENTITY = "Apple Development";
				CODE_SIGN_STYLE = Automatic;
				CURRENT_PROJECT_VERSION = 1;
				DEVELOPMENT_TEAM = 9C2WB6M3U5;
				GENERATE_INFOPLIST_FILE = YES;
				INFOPLIST_FILE = notifications/Info.plist;
				INFOPLIST_KEY_CFBundleDisplayName = notifications;
				INFOPLIST_KEY_NSHumanReadableCopyright = "";
				LD_RUNPATH_SEARCH_PATHS = (
					"$(inherited)",
					"@executable_path/Frameworks",
					"@executable_path/../../Frameworks",
				);
				MARKETING_VERSION = 1.0;
				PRODUCT_BUNDLE_IDENTIFIER = com.DavidRoberts.LittleStreakUp.notifications;
				PRODUCT_NAME = "$(TARGET_NAME)";
				PROVISIONING_PROFILE_SPECIFIER = "";
				SKIP_INSTALL = YES;
				SWIFT_EMIT_LOC_STRINGS = YES;
				SWIFT_VERSION = 5.0;
				TARGETED_DEVICE_FAMILY = 1;
			};
			name = Debug;
		};
		C4251FA12EEC2FFD00CD6F2C /* Release */ = {
			isa = XCBuildConfiguration;
			baseConfigurationReference = E8A7116B48743061F3AD1D43 /* Pods-PodsShared-notifications.release.xcconfig */;
			buildSettings = {
				CODE_SIGN_ENTITLEMENTS = notifications/notifications.entitlements;
				CODE_SIGN_IDENTITY = "Apple Development";
				CODE_SIGN_STYLE = Automatic;
				CURRENT_PROJECT_VERSION = 1;
				DEVELOPMENT_TEAM = 9C2WB6M3U5;
				GENERATE_INFOPLIST_FILE = YES;
				INFOPLIST_FILE = notifications/Info.plist;
				INFOPLIST_KEY_CFBundleDisplayName = notifications;
				INFOPLIST_KEY_NSHumanReadableCopyright = "";
				LD_RUNPATH_SEARCH_PATHS = (
					"$(inherited)",
					"@executable_path/Frameworks",
					"@executable_path/../../Frameworks",
				);
				MARKETING_VERSION = 1.0;
				PRODUCT_BUNDLE_IDENTIFIER = com.DavidRoberts.LittleStreakUp.notifications;
				PRODUCT_NAME = "$(TARGET_NAME)";
				PROVISIONING_PROFILE_SPECIFIER = "";
				SKIP_INSTALL = YES;
				SWIFT_EMIT_LOC_STRINGS = YES;
				SWIFT_VERSION = 5.0;
				TARGETED_DEVICE_FAMILY = 1;
			};
			name = Release;
		};
		C4251FA42EEC2FFD00CD6F2C /* Staging */ = {
			isa = XCBuildConfiguration;
			baseConfigurationReference = 1B602CD949621F8A2ED3AABE /* Pods-PodsShared-notifications.staging.xcconfig */;
			buildSettings = {
				CODE_SIGN_ENTITLEMENTS = notifications/notifications.entitlements;
				CODE_SIGN_IDENTITY = "Apple Development";
				CODE_SIGN_STYLE = Automatic;
				CURRENT_PROJECT_VERSION = 1;
				DEVELOPMENT_TEAM = 9C2WB6M3U5;
				GENERATE_INFOPLIST_FILE = YES;
				INFOPLIST_FILE = notifications/Info.plist;
				INFOPLIST_KEY_CFBundleDisplayName = notifications;
				INFOPLIST_KEY_NSHumanReadableCopyright = "";
				LD_RUNPATH_SEARCH_PATHS = (
					"$(inherited)",
					"@executable_path/Frameworks",
					"@executable_path/../../Frameworks",
				);
				MARKETING_VERSION = 1.0;
				PRODUCT_BUNDLE_IDENTIFIER = com.DavidRoberts.LittleStreakUp.notifications;
				PRODUCT_NAME = "$(TARGET_NAME)";
				PROVISIONING_PROFILE_SPECIFIER = "";
				SKIP_INSTALL = YES;
				SWIFT_EMIT_LOC_STRINGS = YES;
				SWIFT_VERSION = 5.0;
				TARGETED_DEVICE_FAMILY = 1;
			};
			name = Staging;
		};
/* End XCBuildConfiguration section */

/* Begin XCConfigurationList section */
		C4251DCF2EE193B600CD6F2C /* Build configuration list for PBXProject "LittleConstructionPlan" */ = {
			isa = XCConfigurationList;
			buildConfigurations = (
				C4251DF62EE193BC00CD6F2C /* Debug */,
				C4251DF72EE193BC00CD6F2C /* Release */,
				C4251DFB2EE193BC00CD6F2C /* Staging */,
			);
			defaultConfigurationIsVisible = 0;
			defaultConfigurationName = Release;
		};
		C4251DF82EE193BC00CD6F2C /* Build configuration list for PBXNativeTarget "LittleConstructionPlan" */ = {
			isa = XCConfigurationList;
			buildConfigurations = (
				C4251DF92EE193BC00CD6F2C /* Debug */,
				C4251DFA2EE193BC00CD6F2C /* Release */,
				C4251DFC2EE193BC00CD6F2C /* Staging */,
			);
			defaultConfigurationIsVisible = 0;
			defaultConfigurationName = Release;
		};
		C4251FA32EEC2FFD00CD6F2C /* Build configuration list for PBXNativeTarget "notifications" */ = {
			isa = XCConfigurationList;
			buildConfigurations = (
				C4251FA02EEC2FFD00CD6F2C /* Debug */,
				C4251FA12EEC2FFD00CD6F2C /* Release */,
				C4251FA42EEC2FFD00CD6F2C /* Staging */,
			);
			defaultConfigurationIsVisible = 0;
			defaultConfigurationName = Release;
		};
/* End XCConfigurationList section */
	};
	rootObject = C4251DCC2EE193B600CD6F2C /* Project object */;
}
